{
  "name": "backend",
  "lockfileVersion": 3,
  "requires": true,
  "packages": {
    "": {
      "dependencies": {
        "@zag-js/tooltip": "^1.33.1"
      }
    },
    "node_modules/@floating-ui/core": {
      "version": "1.7.4",
      "resolved": "https://registry.npmjs.org/@floating-ui/core/-/core-1.7.4.tgz",
      "integrity": "sha512-C3HlIdsBxszvm5McXlB8PeOEWfBhcGBTZGkGlWc2U0KFY5IwG5OQEuQ8rq52DZmcHDlPLd+YFBK+cZcytwIFWg==",
      "license": "MIT",
      "dependencies": {
        "@floating-ui/utils": "^0.2.10"
      }
    },
    "node_modules/@floating-ui/dom": {
      "version": "1.7.5",
      "resolved": "https://registry.npmjs.org/@floating-ui/dom/-/dom-1.7.5.tgz",
      "integrity": "sha512-N0bD2kIPInNHUHehXhMke1rBGs1dwqvC9O9KYMyyjK7iXt7GAhnro7UlcuYcGdS/yYOlq0MAVgrow8IbWJwyqg==",
      "license": "MIT",
      "dependencies": {
        "@floating-ui/core": "^1.7.4",
        "@floating-ui/utils": "^0.2.10"
      }
    },
    "node_modules/@floating-ui/utils": {
      "version": "0.2.10",
      "resolved": "https://registry.npmjs.org/@floating-ui/utils/-/utils-0.2.10.tgz",
      "integrity": "sha512-aGTxbpbg8/b5JfU1HXSrbH3wXZuLPJcNEcZQFMxLs3oSzgtVu6nFPkbbGGUvBcUjKV2YyB9Wxxabo+HEH9tcRQ==",
      "license": "MIT"
    },
    "node_modules/@zag-js/anatomy": {
      "version": "1.33.1",
      "resolved": "https://registry.npmjs.org/@zag-js/anatomy/-/anatomy-1.33.1.tgz",
      "integrity": "sha512-iME14VHGGEPNMakilI6qvEkv9sll4AFZHpeoMLpczesw5hmqQjjNRifDTPR+idqCb8O8PdkAPE9hyMeP+4JjtA==",
      "license": "MIT"
    },
    "node_modules/@zag-js/core": {
      "version": "1.33.1",
      "resolved": "https://registry.npmjs.org/@zag-js/core/-/core-1.33.1.tgz",
      "integrity": "sha512-8hnw0/CFTytcYiIRij4Orpni2a79NSiH6Em+58A9AqMJGX8UE1zh6GsLWgrKQPiEiC8Cf3WgNXgCddJKpm8/Yw==",
      "license": "MIT",
      "dependencies": {
        "@zag-js/dom-query": "1.33.1",
        "@zag-js/utils": "1.33.1"
      }
    },
    "node_modules/@zag-js/dom-query": {
      "version": "1.33.1",
      "resolved": "https://registry.npmjs.org/@zag-js/dom-query/-/dom-query-1.33.1.tgz",
      "integrity": "sha512-Iyl0D3nLvJuMkkuRy22xhj4pkzexUCDlRpCzqIrOMDKsmFka/WV9PIclZKVpMECTi9dEQmJuGTjBVaCOReLu+Q==",
      "license": "MIT",
      "dependencies": {
        "@zag-js/types": "1.33.1"
      }
    },
    "node_modules/@zag-js/focus-visible": {
      "version": "1.33.1",
      "resolved": "https://registry.npmjs.org/@zag-js/focus-visible/-/focus-visible-1.33.1.tgz",
      "integrity": "sha512-xnk2BwO6jYuudj4jMzNYD4AxgaD2sqnLHkwmHImOnVa5frbYziGzevo9iJWC+2THyqQjUXLQ6Zfo6J/Hi3KyNQ==",
      "license": "MIT",
      "dependencies": {
        "@zag-js/dom-query": "1.33.1"
      }
    },
    "node_modules/@zag-js/popper": {
      "version": "1.33.1",
      "resolved": "https://registry.npmjs.org/@zag-js/popper/-/popper-1.33.1.tgz",
      "integrity": "sha512-DNKRh/SRXB2wcvVYK1wvcEufS4vfVXJOv23QUee761bTv4nrPNll5pZFsYEHatiCNkAmO0MRRYA2Sc6jk9nxNA==",
      "license": "MIT",
      "dependencies": {
        "@floating-ui/dom": "^1.7.5",
        "@zag-js/dom-query": "1.33.1",
        "@zag-js/utils": "1.33.1"
      }
    },
    "node_modules/@zag-js/tooltip": {
      "version": "1.33.1",
      "resolved": "https://registry.npmjs.org/@zag-js/tooltip/-/tooltip-1.33.1.tgz",
      "integrity": "sha512-2CmOMp8qvdTYLE1kgZKnE5RiObzpjJcfVdYYRgVqyIli20AAsOxyahE7WlgLwUGjqpzezah+Z20ZOir6x4jsnQ==",
      "license": "MIT",
      "dependencies": {
        "@zag-js/anatomy": "1.33.1",
        "@zag-js/core": "1.33.1",
        "@zag-js/dom-query": "1.33.1",
        "@zag-js/focus-visible": "1.33.1",
        "@zag-js/popper": "1.33.1",
        "@zag-js/types": "1.33.1",
        "@zag-js/utils": "1.33.1"
      }
    },
    "node_modules/@zag-js/types": {
      "version": "1.33.1",
      "resolved": "https://registry.npmjs.org/@zag-js/types/-/types-1.33.1.tgz",
      "integrity": "sha512-huJdwaeyptKDuZqhhFQRWNiMAJEdei4fTAQ3xIBw07GW27zKwust4Bn0y+8PYlnVVQn2auH4lpIXXwPccFRclQ==",
      "license": "MIT",
      "dependencies": {
        "csstype": "3.2.3"
      }
    },
    "node_modules/@zag-js/utils": {
      "version": "1.33.1",
      "resolved": "https://registry.npmjs.org/@zag-js/utils/-/utils-1.33.1.tgz",
      "integrity": "sha512-N73enDcveuto5BdYd15m7bu08vd+Re//eufgzGyKPWuzFowEFV77si1v9zZjmK9eXVMTFyde/TPal3aHv4VEJg==",
      "license": "MIT"
    },
    "node_modules/csstype": {
      "version": "3.2.3",
      "resolved": "https://registry.npmjs.org/csstype/-/csstype-3.2.3.tgz",
      "integrity": "sha512-z1HGKcYy2xA8AGQfwrn0PAy+PB7X/GSj3UVJW9qKyn43xWa+gl5nXmU4qqLMRzWVLFC8KusUX8T/0kCiOYpAIQ==",
      "license": "MIT"
    }
  }
}
